
Microsoft Visual Studio Solution File, Format Version 12.00
# Visual Studio Version 16
VisualStudioVersion = 16.0.29230.47
MinimumVisualStudioVersion = 10.0.40219.1
Project("{FAE04EC0-301F-11D3-BF4B-00C04F79EFBC}") = "MoreLinqExamples", "MoreLinqExamples\MoreLinqExamples.csproj", "{BD18C01B-BDB1-4164-AF39-A753FDDB8669}"
EndProject
Global
	GlobalSection(SolutionConfigurationPlatforms) = preSolution
		Debug|Any CPU = Debug|Any CPU
		Release|Any CPU = Release|Any CPU
	EndGlobalSection
	GlobalSection(ProjectConfigurationPlatforms) = postSolution
		{BD18C01B-BDB1-4164-AF39-A753FDDB8669}.Debug|Any CPU.ActiveCfg = Debug|Any CPU
		{BD18C01B-BDB1-4164-AF39-A753FDDB8669}.Debug|Any CPU.Build.0 = Debug|Any CPU
		{BD18C01B-BDB1-4164-AF39-A753FDDB8669}.Release|Any CPU.ActiveCfg = Release|Any CPU
		{BD18C01B-BDB1-4164-AF39-A753FDDB8669}.Release|Any CPU.Build.0 = Release|Any CPU
	EndGlobalSection
	GlobalSection(SolutionProperties) = preSolution
		HideSolutionNode = FALSE
	EndGlobalSection
	GlobalSection(ExtensibilityGlobals) = postSolution
		SolutionGuid = {A60BD443-70F0-4776-B756-7FFB52864923}
	EndGlobalSection
EndGlobal
